<?xml version="1.0" encoding="utf-8"?>
<Project ToolsVersion="4.0" xmlns="http://schemas.microsoft.com/developer/msbuild/2003">
  <ItemGroup>
    <Filter Include="Source Files">
      <UniqueIdentifier>{4FC737F1-C7A5-4376-A066-2A32D752A2FF}</UniqueIdentifier>
      <Extensions>cpp;c;cc;cxx;def;odl;idl;hpj;bat;asm;asmx</Extensions>
    </Filter>
    <Filter Include="Header Files">
      <UniqueIdentifier>{93995380-89BD-4b04-88EB-625FBE52EBFB}</UniqueIdentifier>
      <Extensions>h;hpp;hxx;hm;inl;inc;xsd</Extensions>
    </Filter>
    <Filter Include="Resource Files">
      <UniqueIdentifier>{67DA6AB6-F800-4c08-8B7A-83BB121AAD01}</UniqueIdentifier>
      <Extensions>rc;ico;cur;bmp;dlg;rc2;rct;bin;rgs;gif;jpg;jpeg;jpe;resx;tiff;tif;png;wav;mfcribbon-ms</Extensions>
    </Filter>
    <Filter Include="Source Files\Generated">
      <UniqueIdentifier>{67a7943a-ad63-4da1-be6b-daf8a3fef1d6}</UniqueIdentifier>
    </Filter>
    <Filter Include="Header Files\Generated">
      <UniqueIdentifier>{a0eee912-4b82-493a-8c43-3b712061afb1}</UniqueIdentifier>
    </Filter>
  </ItemGroup>
  <ItemGroup>
    <ClCompile Include="..\libudis86\decode.c">
      <Filter>Source Files</Filter>
    </ClCompile>
    <ClCompile Include="..\libudis86\syn.c">
      <Filter>Source Files</Filter>
    </ClCompile>
    <ClCompile Include="..\libudis86\syn-att.c">
      <Filter>Source Files</Filter>
    </ClCompile>
    <ClCompile Include="..\libudis86\syn-intel.c">
      <Filter>Source Files</Filter>
    </ClCompile>
    <ClCompile Include="..\libudis86\udis86.c">
      <Filter>Source Files</Filter>
    </ClCompile>
    <ClCompile Include="..\libudis86\itab.c">
      <Filter>Source Files\Generated</Filter>
    </ClCompile>
  </ItemGroup>
  <ItemGroup>
    <ClInclude Include="..\libudis86\decode.h">
      <Filter>Header Files</Filter>
    </ClInclude>
    <ClInclude Include="..\libudis86\extern.h">
      <Filter>Header Files</Filter>
    </ClInclude>
    <ClInclude Include="..\libudis86\syn.h">
      <Filter>Header Files</Filter>
    </ClInclude>
    <ClInclude Include="..\libudis86\types.h">
      <Filter>Header Files</Filter>
    </ClInclude>
    <ClInclude Include="..\libudis86\udint.h">
      <Filter>Header Files</Filter>
    </ClInclude>
    <ClInclude Include="..\libudis86\itab.h">
      <Filter>Header Files\Generated</Filter>
    </ClInclude>
  </ItemGroup>
</Project>
